
Microsoft Visual Studio Solution File, Format Version 12.00
# Visual Studio Version 17
VisualStudioVersion = 17.14.36705.20
MinimumVisualStudioVersion = 10.0.40219.1
Project("{FAE04EC0-301F-11D3-BF4B-00C04F79EFBC}") = "Mach_rocnikova_prace", "Mach_rocnikova_prace.csproj", "{F84586A1-432B-47A6-9E98-854AF9267961}"
EndProject
Global
	GlobalSection(SolutionConfigurationPlatforms) = preSolution
		Debug|Any CPU = Debug|Any CPU
		Release|Any CPU = Release|Any CPU
	EndGlobalSection
	GlobalSection(ProjectConfigurationPlatforms) = postSolution
		{F84586A1-432B-47A6-9E98-854AF9267961}.Debug|Any CPU.ActiveCfg = Debug|Any CPU
		{F84586A1-432B-47A6-9E98-854AF9267961}.Debug|Any CPU.Build.0 = Debug|Any CPU
		{F84586A1-432B-47A6-9E98-854AF9267961}.Release|Any CPU.ActiveCfg = Release|Any CPU
		{F84586A1-432B-47A6-9E98-854AF9267961}.Release|Any CPU.Build.0 = Release|Any CPU
	EndGlobalSection
	GlobalSection(SolutionProperties) = preSolution
		HideSolutionNode = FALSE
	EndGlobalSection
	GlobalSection(ExtensibilityGlobals) = postSolution
		SolutionGuid = {39700D88-8F7D-4896-9A6B-5F60BD029179}
	EndGlobalSection
EndGlobal
