
Microsoft Visual Studio Solution File, Format Version 12.00
# Visual Studio Version 17
VisualStudioVersion = 17.14.36705.20 d17.14
MinimumVisualStudioVersion = 10.0.40219.1
Project("{FAE04EC0-301F-11D3-BF4B-00C04F79EFBC}") = "Rocnikovka_first", "Rocnikovka_first.csproj", "{66166FEF-7B46-48EE-8CF5-F0CE53B500F5}"
EndProject
Global
	GlobalSection(SolutionConfigurationPlatforms) = preSolution
		Debug|Any CPU = Debug|Any CPU
		Release|Any CPU = Release|Any CPU
	EndGlobalSection
	GlobalSection(ProjectConfigurationPlatforms) = postSolution
		{66166FEF-7B46-48EE-8CF5-F0CE53B500F5}.Debug|Any CPU.ActiveCfg = Debug|Any CPU
		{66166FEF-7B46-48EE-8CF5-F0CE53B500F5}.Debug|Any CPU.Build.0 = Debug|Any CPU
		{66166FEF-7B46-48EE-8CF5-F0CE53B500F5}.Release|Any CPU.ActiveCfg = Release|Any CPU
		{66166FEF-7B46-48EE-8CF5-F0CE53B500F5}.Release|Any CPU.Build.0 = Release|Any CPU
	EndGlobalSection
	GlobalSection(SolutionProperties) = preSolution
		HideSolutionNode = FALSE
	EndGlobalSection
	GlobalSection(ExtensibilityGlobals) = postSolution
		SolutionGuid = {4679752F-78A2-4C5C-8B66-7609ACC82897}
	EndGlobalSection
EndGlobal
